# This file is autogenerated, do not edit; changes may be undone by the next 'dep ensure'.


[[projects]]
  name = "github.com/Workiva/frugal"
  packages = ["compiler/parser"]
  revision = "ce0ac3a87cf41a2b5563d2b0316507785d7aaa5c"
  version = "2.19.0"

[solve-meta]
  analyzer-name = "dep"
  analyzer-version = 1
  inputs-digest = "bde28ba07f3f1f9724411311c2eefdc5935879b2c34bb164cc926c77c4d7f7ad"
  solver-name = "gps-cdcl"
  solver-version = 1
