# This file is autogenerated, do not edit; changes may be undone by the next 'dep ensure'.


[[projects]]
  name = "go.uber.org/thriftrw"
  packages = [
    "ast",
    "idl",
    "idl/internal"
  ]
  revision = "43dfafd7bb1c99f0460d645a1959b73f6dfa536f"
  version = "v1.11.0"

[solve-meta]
  analyzer-name = "dep"
  analyzer-version = 1
  inputs-digest = "7919078ef035774fb13f42dbdd4a46212e0d61ee119860999bed6f7b808fef5d"
  solver-name = "gps-cdcl"
  solver-version = 1
